# MediaStack tested image digest record v1
# Update only after the matching local DinD preflight has passed.
service	image	digest	tested_at_utc	preflight
jellyfin	jellyfin/jellyfin:latest	sha256:aefb67e6a7ff1debdd154a78a7bbb780fd0c873d8639210a7f6a2016ad2b35db	2026-06-08T07:15:51Z	scenario:fresh-install
sonarr	linuxserver/sonarr:latest	sha256:0b3f344388bd7bed4f2f770058de795e76447e4a481b83c8d5f8fed489371fde	2026-06-08T07:15:51Z	scenario:fresh-install
radarr	linuxserver/radarr:latest	sha256:c0a4335d4249b46102f64cf6fa27ffc3bddfd9138fac1e4ddf238afd37f02d1f	2026-06-01T06:49:06Z	scenario:fresh-install
jackett	linuxserver/jackett:latest	sha256:5fca95003ee60643d26133157005144132b085edf41c665c7694c898763e5161	2026-06-08T07:15:51Z	scenario:fresh-install
qbittorrent	linuxserver/qbittorrent:latest	sha256:715d2bfbcf1cd3d734cbbd4fbd599eb7ea0642eaa079a372dd0d343f59516700	2026-06-01T06:49:06Z	scenario:fresh-install
flaresolverr	ghcr.io/flaresolverr/flaresolverr:latest	sha256:139dfee1c6f89249c8d665d1333a42e8ec74ec0a86bc6bb1c8461e10d3a66a47	2026-06-01T06:49:06Z	compose-only
jellyseerr	fallenbagel/jellyseerr:latest	sha256:4538137bc5af902dece165f2bf73776d9cf4eafb6dd714670724af8f3eb77764	2026-06-01T06:49:06Z	scenario:fresh-install
unpackerr	ghcr.io/hotio/unpackerr:latest	sha256:b0939e1b2c64499b82678a8c8c3e189d1e92c8223633fd34239174382de8ca8a	2026-06-01T06:49:06Z	compose-only
bazarr	linuxserver/bazarr:latest	sha256:4b5e510042bf471c8bafab89cada9774fba2fb25f16ec64235151cacbe847c10	2026-06-08T07:15:51Z	manual
homepage	ghcr.io/gethomepage/homepage:latest	sha256:d8d784e5090111b6e4c56dfd90e272d2953a2094e87349f647165df0fa6c4401	2026-06-01T06:49:06Z	scenario:fresh-install
portainer	portainer/portainer-ce:latest	sha256:d27f76194b719bfe2a34779d51798a7adf02510cfba69ebcb538267f75aa4f47	2026-06-08T07:15:51Z	scenario:fresh-install
npm	jc21/nginx-proxy-manager:2	sha256:52b2c59994f3d36acfcf70a1626f29734df0ed8c71bacc0269f78b6f939858bb	2026-06-08T07:15:51Z	scenario:npm-heal
fail2ban	crazymax/fail2ban:latest	sha256:7cd8a427a44675397398a8dace2a3d755e62c72527f8730e4fd37697731a9321	2026-06-01T06:49:06Z	scenario:fail2ban-drift
ddns-updater	qmcgaw/ddns-updater:latest	sha256:9313e1c31f366c89dc0819e5eff85576cb23821424c0c267fa66cfa39aabde83	2026-06-01T06:49:06Z	scenario:ddns-seed
uptime-kuma	louislam/uptime-kuma:2	sha256:91e963bfda569ba115206e843febb446f473ab525add4e08b2b9e3beffa16985	2026-06-01T06:49:06Z	scenario:fresh-install
beszel	henrygd/beszel:latest	sha256:a849ad80814b6a1a3be665304dcace5d4854b3bed7bde4dd1227e8ce1b82d477	2026-06-01T06:49:06Z	scenario:fresh-install
beszel-agent	henrygd/beszel-agent:alpine	sha256:c6e925e00784b90eab68e2b813e4c722cf185f378d77e1129a97c064ca5fa7e4	2026-06-01T06:49:06Z	scenario:fresh-install
wireguard	ghcr.io/wg-easy/wg-easy:15	sha256:93bbd593e07bab98d02807a28770ac87ab6c48818e319e68c1f66561feb99876	2026-06-01T06:49:06Z	scenario:wireguard
autoheal	willfarrell/autoheal:latest	sha256:ad53db0ffdb59c97d1e0035352af270511305b5f58e17e05aab6e592a6927456	2026-06-08T07:15:51Z	compose-only
